{
  "nodes": {
    "flake-utils": {
      "locked": {
        "lastModified": 1653893745,
        "narHash": "sha256-0jntwV3Z8//YwuOjzhV2sgJJPt+HY6KhU7VZUL0fKZQ=",
        "owner": "numtide",
        "repo": "flake-utils",
        "rev": "1ed9fb1935d260de5fe1c2f7ee0ebaae17ed2fa1",
        "type": "github"
      },
      "original": {
        "owner": "numtide",
        "repo": "flake-utils",
        "type": "github"
      }
    },
    "nixpkgs": {
      "locked": {
        "lastModified": 1644972330,
        "narHash": "sha256-6V2JFpTUzB9G+KcqtUR1yl7f6rd9495YrFECslEmbGw=",
        "owner": "NixOS",
        "repo": "nixpkgs",
        "rev": "19574af0af3ffaf7c9e359744ed32556f34536bd",
        "type": "github"
      },
      "original": {
        "owner": "NixOS",
        "ref": "nixpkgs-unstable",
        "repo": "nixpkgs",
        "type": "github"
      }
    },
    "nixpkgs_2": {
      "locked": {
        "lastModified": 1654067690,
        "narHash": "sha256-Dg45mbUwBkY5+2LqJfk8tG8NqZyoH9BUTusRWW72V5s=",
        "owner": "NixOS",
        "repo": "nixpkgs",
        "rev": "239087c990f6da4ebe1801825fe7b9e714f73ae5",
        "type": "github"
      },
      "original": {
        "owner": "NixOS",
        "repo": "nixpkgs",
        "type": "github"
      }
    },
    "poetry2nix": {
      "inputs": {
        "flake-utils": "flake-utils",
        "nixpkgs": "nixpkgs_2"
      },
      "locked": {
        "lastModified": 1653561148,
        "narHash": "sha256-JzAttqACdvMOTwkzkJ0jFF8MWIo8Uau4w/XUMyqpnd8=",
        "owner": "nix-community",
        "repo": "poetry2nix",
        "rev": "3b01c3e3dc57d511848d8433153ab67db79640e1",
        "type": "github"
      },
      "original": {
        "owner": "nix-community",
        "repo": "poetry2nix",
        "type": "github"
      }
    },
    "root": {
      "inputs": {
        "nixpkgs": "nixpkgs",
        "poetry2nix": "poetry2nix",
        "sasquatch": "sasquatch"
      }
    },
    "sasquatch": {
      "flake": false,
      "locked": {
        "lastModified": 1645916782,
        "narHash": "sha256-yt0Rrw0WMfwsIjnnIEbo7+BlH/4qVpTo3TcENIjE2bk=",
        "owner": "IoT-Inspector",
        "repo": "sasquatch",
        "rev": "5806c80793c045eb1de06f26896071bac20be5b9",
        "type": "github"
      },
      "original": {
        "owner": "IoT-Inspector",
        "repo": "sasquatch",
        "type": "github"
      }
    }
  },
  "root": "root",
  "version": 7
}
