# This file is @generated by PDM.
# It is not intended for manual editing.

[metadata]
groups = ["default", "dev", "test"]
strategy = ["cross_platform"]
lock_version = "4.5.0"
content_hash = "sha256:fa4a6e5ed6074d8e68af326103d3232afbfd3c73c2c48484740a5a28794c3f09"

[[metadata.targets]]
requires_python = ">=3.8"

[[package]]
name = "black"
version = "24.8.0"
requires_python = ">=3.8"
summary = "The uncompromising code formatter."
dependencies = [
    "click>=8.0.0",
    "mypy-extensions>=0.4.3",
    "packaging>=22.0",
    "pathspec>=0.9.0",
    "platformdirs>=2",
    "tomli>=1.1.0; python_version < \"3.11\"",
    "typing-extensions>=4.0.1; python_version < \"3.11\"",
]
files = [
    {file = "black-24.8.0-cp310-cp310-macosx_10_9_x86_64.whl", hash = "sha256:09cdeb74d494ec023ded657f7092ba518e8cf78fa8386155e4a03fdcc44679e6"},
    {file = "black-24.8.0-cp310-cp310-macosx_11_0_arm64.whl", hash = "sha256:81c6742da39f33b08e791da38410f32e27d632260e599df7245cccee2064afeb"},
    {file = "black-24.8.0-cp310-cp310-manylinux_2_17_x86_64.manylinux2014_x86_64.manylinux_2_28_x86_64.whl", hash = "sha256:707a1ca89221bc8a1a64fb5e15ef39cd755633daa672a9db7498d1c19de66a42"},
    {file = "black-24.8.0-cp310-cp310-win_amd64.whl", hash = "sha256:d6417535d99c37cee4091a2f24eb2b6d5ec42b144d50f1f2e436d9fe1916fe1a"},
    {file = "black-24.8.0-cp311-cp311-macosx_10_9_x86_64.whl", hash = "sha256:fb6e2c0b86bbd43dee042e48059c9ad7830abd5c94b0bc518c0eeec57c3eddc1"},
    {file = "black-24.8.0-cp311-cp311-macosx_11_0_arm64.whl", hash = "sha256:837fd281f1908d0076844bc2b801ad2d369c78c45cf800cad7b61686051041af"},
    {file = "black-24.8.0-cp311-cp311-manylinux_2_17_x86_64.manylinux2014_x86_64.manylinux_2_28_x86_64.whl", hash = "sha256:62e8730977f0b77998029da7971fa896ceefa2c4c4933fcd593fa599ecbf97a4"},
    {file = "black-24.8.0-cp311-cp311-win_amd64.whl", hash = "sha256:72901b4913cbac8972ad911dc4098d5753704d1f3c56e44ae8dce99eecb0e3af"},
    {file = "black-24.8.0-cp312-cp312-macosx_10_9_x86_64.whl", hash = "sha256:7c046c1d1eeb7aea9335da62472481d3bbf3fd986e093cffd35f4385c94ae368"},
    {file = "black-24.8.0-cp312-cp312-macosx_11_0_arm64.whl", hash = "sha256:649f6d84ccbae73ab767e206772cc2d7a393a001070a4c814a546afd0d423aed"},
    {file = "black-24.8.0-cp312-cp312-manylinux_2_17_x86_64.manylinux2014_x86_64.manylinux_2_28_x86_64.whl", hash = "sha256:2b59b250fdba5f9a9cd9d0ece6e6d993d91ce877d121d161e4698af3eb9c1018"},
    {file = "black-24.8.0-cp312-cp312-win_amd64.whl", hash = "sha256:6e55d30d44bed36593c3163b9bc63bf58b3b30e4611e4d88a0c3c239930ed5b2"},
    {file = "black-24.8.0-cp38-cp38-macosx_10_9_x86_64.whl", hash = "sha256:505289f17ceda596658ae81b61ebbe2d9b25aa78067035184ed0a9d855d18afd"},
    {file = "black-24.8.0-cp38-cp38-macosx_11_0_arm64.whl", hash = "sha256:b19c9ad992c7883ad84c9b22aaa73562a16b819c1d8db7a1a1a49fb7ec13c7d2"},
    {file = "black-24.8.0-cp38-cp38-manylinux_2_17_x86_64.manylinux2014_x86_64.manylinux_2_28_x86_64.whl", hash = "sha256:1f13f7f386f86f8121d76599114bb8c17b69d962137fc70efe56137727c7047e"},
    {file = "black-24.8.0-cp38-cp38-win_amd64.whl", hash = "sha256:f490dbd59680d809ca31efdae20e634f3fae27fba3ce0ba3208333b713bc3920"},
    {file = "black-24.8.0-cp39-cp39-macosx_10_9_x86_64.whl", hash = "sha256:eab4dd44ce80dea27dc69db40dab62d4ca96112f87996bca68cd75639aeb2e4c"},
    {file = "black-24.8.0-cp39-cp39-macosx_11_0_arm64.whl", hash = "sha256:3c4285573d4897a7610054af5a890bde7c65cb466040c5f0c8b732812d7f0e5e"},
    {file = "black-24.8.0-cp39-cp39-manylinux_2_17_x86_64.manylinux2014_x86_64.manylinux_2_28_x86_64.whl", hash = "sha256:9e84e33b37be070ba135176c123ae52a51f82306def9f7d063ee302ecab2cf47"},
    {file = "black-24.8.0-cp39-cp39-win_amd64.whl", hash = "sha256:73bbf84ed136e45d451a260c6b73ed674652f90a2b3211d6a35e78054563a9bb"},
    {file = "black-24.8.0-py3-none-any.whl", hash = "sha256:972085c618ee94f402da1af548a4f218c754ea7e5dc70acb168bfaca4c2542ed"},
    {file = "black-24.8.0.tar.gz", hash = "sha256:2500945420b6784c38b9ee885af039f5e7471ef284ab03fa35ecdde4688cd83f"},
]

[[package]]
name = "cfgv"
version = "3.4.0"
requires_python = ">=3.8"
summary = "Validate configuration and produce human readable error messages."
files = [
    {file = "cfgv-3.4.0-py2.py3-none-any.whl", hash = "sha256:b7265b1f29fd3316bfcd2b330d63d024f2bfd8bcb8b0272f8e19a504856c48f9"},
    {file = "cfgv-3.4.0.tar.gz", hash = "sha256:e52591d4c5f5dead8e0f673fb16db7949d2cfb3f7da4582893288f0ded8fe560"},
]

[[package]]
name = "click"
version = "8.1.7"
requires_python = ">=3.7"
summary = "Composable command line interface toolkit"
dependencies = [
    "colorama; platform_system == \"Windows\"",
    "importlib-metadata; python_version < \"3.8\"",
]
files = [
    {file = "click-8.1.7-py3-none-any.whl", hash = "sha256:ae74fb96c20a0277a1d615f1e4d73c8414f5a98db8b799a7931d1582f3390c28"},
    {file = "click-8.1.7.tar.gz", hash = "sha256:ca9853ad459e787e2192211578cc907e7594e294c7ccc834310722b41b9ca6de"},
]

[[package]]
name = "colorama"
version = "0.4.6"
requires_python = "!=3.0.*,!=3.1.*,!=3.2.*,!=3.3.*,!=3.4.*,!=3.5.*,!=3.6.*,>=2.7"
summary = "Cross-platform colored terminal text."
files = [
    {file = "colorama-0.4.6-py2.py3-none-any.whl", hash = "sha256:4f1d9991f5acc0ca119f9d443620b77f9d6b33703e51011c16baf57afb285fc6"},
    {file = "colorama-0.4.6.tar.gz", hash = "sha256:08695f5cb7ed6e0531a20572697297273c47b8cae5a63ffc6d6ed5c201be6e44"},
]

[[package]]
name = "distlib"
version = "0.3.9"
summary = "Distribution utilities"
files = [
    {file = "distlib-0.3.9-py2.py3-none-any.whl", hash = "sha256:47f8c22fd27c27e25a65601af709b38e4f0a45ea4fc2e710f65755fa8caaaf87"},
    {file = "distlib-0.3.9.tar.gz", hash = "sha256:a60f20dea646b8a33f3e7772f74dc0b2d0772d2837ee1342a00645c81edf9403"},
]

[[package]]
name = "exceptiongroup"
version = "1.2.2"
requires_python = ">=3.7"
summary = "Backport of PEP 654 (exception groups)"
files = [
    {file = "exceptiongroup-1.2.2-py3-none-any.whl", hash = "sha256:3111b9d131c238bec2f8f516e123e14ba243563fb135d3fe885990585aa7795b"},
    {file = "exceptiongroup-1.2.2.tar.gz", hash = "sha256:47c2edf7c6738fafb49fd34290706d1a1a2f4d1c6df275526b62cbb4aa5393cc"},
]

[[package]]
name = "filelock"
version = "3.16.1"
requires_python = ">=3.8"
summary = "A platform independent file lock."
files = [
    {file = "filelock-3.16.1-py3-none-any.whl", hash = "sha256:2082e5703d51fbf98ea75855d9d5527e33d8ff23099bec374a134febee6946b0"},
    {file = "filelock-3.16.1.tar.gz", hash = "sha256:c249fbfcd5db47e5e2d6d62198e565475ee65e4831e2561c8e313fa7eb961435"},
]

[[package]]
name = "identify"
version = "2.6.1"
requires_python = ">=3.8"
summary = "File identification library for Python"
files = [
    {file = "identify-2.6.1-py2.py3-none-any.whl", hash = "sha256:53863bcac7caf8d2ed85bd20312ea5dcfc22226800f6d6881f232d861db5a8f0"},
    {file = "identify-2.6.1.tar.gz", hash = "sha256:91478c5fb7c3aac5ff7bf9b4344f803843dc586832d5f110d672b19aa1984c98"},
]

[[package]]
name = "iniconfig"
version = "2.0.0"
requires_python = ">=3.7"
summary = "brain-dead simple config-ini parsing"
files = [
    {file = "iniconfig-2.0.0-py3-none-any.whl", hash = "sha256:b6a85871a79d2e3b22d2d1b94ac2824226a63c6b741c88f7ae975f18b6778374"},
    {file = "iniconfig-2.0.0.tar.gz", hash = "sha256:2d91e135bf72d31a410b17c16da610a82cb55f6b0477d1a902134b24a455b8b3"},
]

[[package]]
name = "mypy-extensions"
version = "1.0.0"
requires_python = ">=3.5"
summary = "Type system extensions for programs checked with the mypy type checker."
files = [
    {file = "mypy_extensions-1.0.0-py3-none-any.whl", hash = "sha256:4392f6c0eb8a5668a69e23d168ffa70f0be9ccfd32b5cc2d26a34ae5b844552d"},
    {file = "mypy_extensions-1.0.0.tar.gz", hash = "sha256:75dbf8955dc00442a438fc4d0666508a9a97b6bd41aa2f0ffe9d2f2725af0782"},
]

[[package]]
name = "nodeenv"
version = "1.9.1"
requires_python = "!=3.0.*,!=3.1.*,!=3.2.*,!=3.3.*,!=3.4.*,!=3.5.*,!=3.6.*,>=2.7"
summary = "Node.js virtual environment builder"
files = [
    {file = "nodeenv-1.9.1-py2.py3-none-any.whl", hash = "sha256:ba11c9782d29c27c70ffbdda2d7415098754709be8a7056d79a737cd901155c9"},
    {file = "nodeenv-1.9.1.tar.gz", hash = "sha256:6ec12890a2dab7946721edbfbcd91f3319c6ccc9aec47be7c7e6b7011ee6645f"},
]

[[package]]
name = "packaging"
version = "24.1"
requires_python = ">=3.8"
summary = "Core utilities for Python packages"
files = [
    {file = "packaging-24.1-py3-none-any.whl", hash = "sha256:5b8f2217dbdbd2f7f384c41c628544e6d52f2d0f53c6d0c3ea61aa5d1d7ff124"},
    {file = "packaging-24.1.tar.gz", hash = "sha256:026ed72c8ed3fcce5bf8950572258698927fd1dbda10a5e981cdf0ac37f4f002"},
]

[[package]]
name = "pathspec"
version = "0.12.1"
requires_python = ">=3.8"
summary = "Utility library for gitignore style pattern matching of file paths."
files = [
    {file = "pathspec-0.12.1-py3-none-any.whl", hash = "sha256:a0d503e138a4c123b27490a4f7beda6a01c6f288df0e4a8b79c7eb0dc7b4cc08"},
    {file = "pathspec-0.12.1.tar.gz", hash = "sha256:a482d51503a1ab33b1c67a6c3813a26953dbdc71c31dacaef9a838c4e29f5712"},
]

[[package]]
name = "platformdirs"
version = "4.3.6"
requires_python = ">=3.8"
summary = "A small Python package for determining appropriate platform-specific dirs, e.g. a `user data dir`."
files = [
    {file = "platformdirs-4.3.6-py3-none-any.whl", hash = "sha256:73e575e1408ab8103900836b97580d5307456908a03e92031bab39e4554cc3fb"},
    {file = "platformdirs-4.3.6.tar.gz", hash = "sha256:357fb2acbc885b0419afd3ce3ed34564c13c9b95c89360cd9563f73aa5e2b907"},
]

[[package]]
name = "pluggy"
version = "1.5.0"
requires_python = ">=3.8"
summary = "plugin and hook calling mechanisms for python"
files = [
    {file = "pluggy-1.5.0-py3-none-any.whl", hash = "sha256:44e1ad92c8ca002de6377e165f3e0f1be63266ab4d554740532335b9d75ea669"},
    {file = "pluggy-1.5.0.tar.gz", hash = "sha256:2cffa88e94fdc978c4c574f15f9e59b7f4201d439195c3715ca9e2486f1d0cf1"},
]

[[package]]
name = "pre-commit"
version = "3.5.0"
requires_python = ">=3.8"
summary = "A framework for managing and maintaining multi-language pre-commit hooks."
dependencies = [
    "cfgv>=2.0.0",
    "identify>=1.0.0",
    "nodeenv>=0.11.1",
    "pyyaml>=5.1",
    "virtualenv>=20.10.0",
]
files = [
    {file = "pre_commit-3.5.0-py2.py3-none-any.whl", hash = "sha256:841dc9aef25daba9a0238cd27984041fa0467b4199fc4852e27950664919f660"},
    {file = "pre_commit-3.5.0.tar.gz", hash = "sha256:5804465c675b659b0862f07907f96295d490822a450c4c40e747d0b1c6ebcb32"},
]

[[package]]
name = "pyright"
version = "1.1.386"
requires_python = ">=3.7"
summary = "Command line wrapper for pyright"
dependencies = [
    "nodeenv>=1.6.0",
    "typing-extensions>=4.1",
]
files = [
    {file = "pyright-1.1.386-py3-none-any.whl", hash = "sha256:7071ac495593b2258ccdbbf495f1a5c0e5f27951f6b429bed4e8b296eb5cd21d"},
    {file = "pyright-1.1.386.tar.gz", hash = "sha256:8e9975e34948ba5f8e07792a9c9d2bdceb2c6c0b61742b068d2229ca2bc4a9d9"},
]

[[package]]
name = "pytest"
version = "8.3.3"
requires_python = ">=3.8"
summary = "pytest: simple powerful testing with Python"
dependencies = [
    "colorama; sys_platform == \"win32\"",
    "exceptiongroup>=1.0.0rc8; python_version < \"3.11\"",
    "iniconfig",
    "packaging",
    "pluggy<2,>=1.5",
    "tomli>=1; python_version < \"3.11\"",
]
files = [
    {file = "pytest-8.3.3-py3-none-any.whl", hash = "sha256:a6853c7375b2663155079443d2e45de913a911a11d669df02a50814944db57b2"},
    {file = "pytest-8.3.3.tar.gz", hash = "sha256:70b98107bd648308a7952b06e6ca9a50bc660be218d53c257cc1fc94fda10181"},
]

[[package]]
name = "pyyaml"
version = "6.0.2"
requires_python = ">=3.8"
summary = "YAML parser and emitter for Python"
files = [
    {file = "PyYAML-6.0.2-cp310-cp310-macosx_10_9_x86_64.whl", hash = "sha256:0a9a2848a5b7feac301353437eb7d5957887edbf81d56e903999a75a3d743086"},
    {file = "PyYAML-6.0.2-cp310-cp310-macosx_11_0_arm64.whl", hash = "sha256:29717114e51c84ddfba879543fb232a6ed60086602313ca38cce623c1d62cfbf"},
    {file = "PyYAML-6.0.2-cp310-cp310-manylinux_2_17_aarch64.manylinux2014_aarch64.whl", hash = "sha256:8824b5a04a04a047e72eea5cec3bc266db09e35de6bdfe34c9436ac5ee27d237"},
    {file = "PyYAML-6.0.2-cp310-cp310-manylinux_2_17_s390x.manylinux2014_s390x.whl", hash = "sha256:7c36280e6fb8385e520936c3cb3b8042851904eba0e58d277dca80a5cfed590b"},
    {file = "PyYAML-6.0.2-cp310-cp310-manylinux_2_17_x86_64.manylinux2014_x86_64.whl", hash = "sha256:ec031d5d2feb36d1d1a24380e4db6d43695f3748343d99434e6f5f9156aaa2ed"},
    {file = "PyYAML-6.0.2-cp310-cp310-musllinux_1_1_aarch64.whl", hash = "sha256:936d68689298c36b53b29f23c6dbb74de12b4ac12ca6cfe0e047bedceea56180"},
    {file = "PyYAML-6.0.2-cp310-cp310-musllinux_1_1_x86_64.whl", hash = "sha256:23502f431948090f597378482b4812b0caae32c22213aecf3b55325e049a6c68"},
    {file = "PyYAML-6.0.2-cp310-cp310-win32.whl", hash = "sha256:2e99c6826ffa974fe6e27cdb5ed0021786b03fc98e5ee3c5bfe1fd5015f42b99"},
    {file = "PyYAML-6.0.2-cp310-cp310-win_amd64.whl", hash = "sha256:a4d3091415f010369ae4ed1fc6b79def9416358877534caf6a0fdd2146c87a3e"},
    {file = "PyYAML-6.0.2-cp311-cp311-macosx_10_9_x86_64.whl", hash = "sha256:cc1c1159b3d456576af7a3e4d1ba7e6924cb39de8f67111c735f6fc832082774"},
    {file = "PyYAML-6.0.2-cp311-cp311-macosx_11_0_arm64.whl", hash = "sha256:1e2120ef853f59c7419231f3bf4e7021f1b936f6ebd222406c3b60212205d2ee"},
    {file = "PyYAML-6.0.2-cp311-cp311-manylinux_2_17_aarch64.manylinux2014_aarch64.whl", hash = "sha256:5d225db5a45f21e78dd9358e58a98702a0302f2659a3c6cd320564b75b86f47c"},
    {file = "PyYAML-6.0.2-cp311-cp311-manylinux_2_17_s390x.manylinux2014_s390x.whl", hash = "sha256:5ac9328ec4831237bec75defaf839f7d4564be1e6b25ac710bd1a96321cc8317"},
    {file = "PyYAML-6.0.2-cp311-cp311-manylinux_2_17_x86_64.manylinux2014_x86_64.whl", hash = "sha256:3ad2a3decf9aaba3d29c8f537ac4b243e36bef957511b4766cb0057d32b0be85"},
    {file = "PyYAML-6.0.2-cp311-cp311-musllinux_1_1_aarch64.whl", hash = "sha256:ff3824dc5261f50c9b0dfb3be22b4567a6f938ccce4587b38952d85fd9e9afe4"},
    {file = "PyYAML-6.0.2-cp311-cp311-musllinux_1_1_x86_64.whl", hash = "sha256:797b4f722ffa07cc8d62053e4cff1486fa6dc094105d13fea7b1de7d8bf71c9e"},
    {file = "PyYAML-6.0.2-cp311-cp311-win32.whl", hash = "sha256:11d8f3dd2b9c1207dcaf2ee0bbbfd5991f571186ec9cc78427ba5bd32afae4b5"},
    {file = "PyYAML-6.0.2-cp311-cp311-win_amd64.whl", hash = "sha256:e10ce637b18caea04431ce14fabcf5c64a1c61ec9c56b071a4b7ca131ca52d44"},
    {file = "PyYAML-6.0.2-cp312-cp312-macosx_10_9_x86_64.whl", hash = "sha256:c70c95198c015b85feafc136515252a261a84561b7b1d51e3384e0655ddf25ab"},
    {file = "PyYAML-6.0.2-cp312-cp312-macosx_11_0_arm64.whl", hash = "sha256:ce826d6ef20b1bc864f0a68340c8b3287705cae2f8b4b1d932177dcc76721725"},
    {file = "PyYAML-6.0.2-cp312-cp312-manylinux_2_17_aarch64.manylinux2014_aarch64.whl", hash = "sha256:1f71ea527786de97d1a0cc0eacd1defc0985dcf6b3f17bb77dcfc8c34bec4dc5"},
    {file = "PyYAML-6.0.2-cp312-cp312-manylinux_2_17_s390x.manylinux2014_s390x.whl", hash = "sha256:9b22676e8097e9e22e36d6b7bda33190d0d400f345f23d4065d48f4ca7ae0425"},
    {file = "PyYAML-6.0.2-cp312-cp312-manylinux_2_17_x86_64.manylinux2014_x86_64.whl", hash = "sha256:80bab7bfc629882493af4aa31a4cfa43a4c57c83813253626916b8c7ada83476"},
    {file = "PyYAML-6.0.2-cp312-cp312-musllinux_1_1_aarch64.whl", hash = "sha256:0833f8694549e586547b576dcfaba4a6b55b9e96098b36cdc7ebefe667dfed48"},
    {file = "PyYAML-6.0.2-cp312-cp312-musllinux_1_1_x86_64.whl", hash = "sha256:8b9c7197f7cb2738065c481a0461e50ad02f18c78cd75775628afb4d7137fb3b"},
    {file = "PyYAML-6.0.2-cp312-cp312-win32.whl", hash = "sha256:ef6107725bd54b262d6dedcc2af448a266975032bc85ef0172c5f059da6325b4"},
    {file = "PyYAML-6.0.2-cp312-cp312-win_amd64.whl", hash = "sha256:7e7401d0de89a9a855c839bc697c079a4af81cf878373abd7dc625847d25cbd8"},
    {file = "PyYAML-6.0.2-cp313-cp313-macosx_10_13_x86_64.whl", hash = "sha256:efdca5630322a10774e8e98e1af481aad470dd62c3170801852d752aa7a783ba"},
    {file = "PyYAML-6.0.2-cp313-cp313-macosx_11_0_arm64.whl", hash = "sha256:50187695423ffe49e2deacb8cd10510bc361faac997de9efef88badc3bb9e2d1"},
    {file = "PyYAML-6.0.2-cp313-cp313-manylinux_2_17_aarch64.manylinux2014_aarch64.whl", hash = "sha256:0ffe8360bab4910ef1b9e87fb812d8bc0a308b0d0eef8c8f44e0254ab3b07133"},
    {file = "PyYAML-6.0.2-cp313-cp313-manylinux_2_17_s390x.manylinux2014_s390x.whl", hash = "sha256:17e311b6c678207928d649faa7cb0d7b4c26a0ba73d41e99c4fff6b6c3276484"},
    {file = "PyYAML-6.0.2-cp313-cp313-manylinux_2_17_x86_64.manylinux2014_x86_64.whl", hash = "sha256:70b189594dbe54f75ab3a1acec5f1e3faa7e8cf2f1e08d9b561cb41b845f69d5"},
    {file = "PyYAML-6.0.2-cp313-cp313-musllinux_1_1_aarch64.whl", hash = "sha256:41e4e3953a79407c794916fa277a82531dd93aad34e29c2a514c2c0c5fe971cc"},
    {file = "PyYAML-6.0.2-cp313-cp313-musllinux_1_1_x86_64.whl", hash = "sha256:68ccc6023a3400877818152ad9a1033e3db8625d899c72eacb5a668902e4d652"},
    {file = "PyYAML-6.0.2-cp313-cp313-win32.whl", hash = "sha256:bc2fa7c6b47d6bc618dd7fb02ef6fdedb1090ec036abab80d4681424b84c1183"},
    {file = "PyYAML-6.0.2-cp313-cp313-win_amd64.whl", hash = "sha256:8388ee1976c416731879ac16da0aff3f63b286ffdd57cdeb95f3f2e085687563"},
    {file = "PyYAML-6.0.2-cp38-cp38-macosx_10_9_x86_64.whl", hash = "sha256:24471b829b3bf607e04e88d79542a9d48bb037c2267d7927a874e6c205ca7e9a"},
    {file = "PyYAML-6.0.2-cp38-cp38-manylinux_2_17_aarch64.manylinux2014_aarch64.whl", hash = "sha256:d7fded462629cfa4b685c5416b949ebad6cec74af5e2d42905d41e257e0869f5"},
    {file = "PyYAML-6.0.2-cp38-cp38-manylinux_2_17_s390x.manylinux2014_s390x.whl", hash = "sha256:d84a1718ee396f54f3a086ea0a66d8e552b2ab2017ef8b420e92edbc841c352d"},
    {file = "PyYAML-6.0.2-cp38-cp38-manylinux_2_17_x86_64.manylinux2014_x86_64.whl", hash = "sha256:9056c1ecd25795207ad294bcf39f2db3d845767be0ea6e6a34d856f006006083"},
    {file = "PyYAML-6.0.2-cp38-cp38-musllinux_1_1_x86_64.whl", hash = "sha256:82d09873e40955485746739bcb8b4586983670466c23382c19cffecbf1fd8706"},
    {file = "PyYAML-6.0.2-cp38-cp38-win32.whl", hash = "sha256:43fa96a3ca0d6b1812e01ced1044a003533c47f6ee8aca31724f78e93ccc089a"},
    {file = "PyYAML-6.0.2-cp38-cp38-win_amd64.whl", hash = "sha256:01179a4a8559ab5de078078f37e5c1a30d76bb88519906844fd7bdea1b7729ff"},
    {file = "PyYAML-6.0.2-cp39-cp39-macosx_10_9_x86_64.whl", hash = "sha256:688ba32a1cffef67fd2e9398a2efebaea461578b0923624778664cc1c914db5d"},
    {file = "PyYAML-6.0.2-cp39-cp39-macosx_11_0_arm64.whl", hash = "sha256:a8786accb172bd8afb8be14490a16625cbc387036876ab6ba70912730faf8e1f"},
    {file = "PyYAML-6.0.2-cp39-cp39-manylinux_2_17_aarch64.manylinux2014_aarch64.whl", hash = "sha256:d8e03406cac8513435335dbab54c0d385e4a49e4945d2909a581c83647ca0290"},
    {file = "PyYAML-6.0.2-cp39-cp39-manylinux_2_17_s390x.manylinux2014_s390x.whl", hash = "sha256:f753120cb8181e736c57ef7636e83f31b9c0d1722c516f7e86cf15b7aa57ff12"},
    {file = "PyYAML-6.0.2-cp39-cp39-manylinux_2_17_x86_64.manylinux2014_x86_64.whl", hash = "sha256:3b1fdb9dc17f5a7677423d508ab4f243a726dea51fa5e70992e59a7411c89d19"},
    {file = "PyYAML-6.0.2-cp39-cp39-musllinux_1_1_aarch64.whl", hash = "sha256:0b69e4ce7a131fe56b7e4d770c67429700908fc0752af059838b1cfb41960e4e"},
    {file = "PyYAML-6.0.2-cp39-cp39-musllinux_1_1_x86_64.whl", hash = "sha256:a9f8c2e67970f13b16084e04f134610fd1d374bf477b17ec1599185cf611d725"},
    {file = "PyYAML-6.0.2-cp39-cp39-win32.whl", hash = "sha256:6395c297d42274772abc367baaa79683958044e5d3835486c16da75d2a694631"},
    {file = "PyYAML-6.0.2-cp39-cp39-win_amd64.whl", hash = "sha256:39693e1f8320ae4f43943590b49779ffb98acb81f788220ea932a6b6c51004d8"},
    {file = "pyyaml-6.0.2.tar.gz", hash = "sha256:d584d9ec91ad65861cc08d42e834324ef890a082e591037abe114850ff7bbc3e"},
]

[[package]]
name = "ruff"
version = "0.7.1"
requires_python = ">=3.7"
summary = "An extremely fast Python linter and code formatter, written in Rust."
files = [
    {file = "ruff-0.7.1-py3-none-linux_armv6l.whl", hash = "sha256:cb1bc5ed9403daa7da05475d615739cc0212e861b7306f314379d958592aaa89"},
    {file = "ruff-0.7.1-py3-none-macosx_10_12_x86_64.whl", hash = "sha256:27c1c52a8d199a257ff1e5582d078eab7145129aa02721815ca8fa4f9612dc35"},
    {file = "ruff-0.7.1-py3-none-macosx_11_0_arm64.whl", hash = "sha256:588a34e1ef2ea55b4ddfec26bbe76bc866e92523d8c6cdec5e8aceefeff02d99"},
    {file = "ruff-0.7.1-py3-none-manylinux_2_17_aarch64.manylinux2014_aarch64.whl", hash = "sha256:94fc32f9cdf72dc75c451e5f072758b118ab8100727168a3df58502b43a599ca"},
    {file = "ruff-0.7.1-py3-none-manylinux_2_17_armv7l.manylinux2014_armv7l.whl", hash = "sha256:985818742b833bffa543a84d1cc11b5e6871de1b4e0ac3060a59a2bae3969250"},
    {file = "ruff-0.7.1-py3-none-manylinux_2_17_i686.manylinux2014_i686.whl", hash = "sha256:32f1e8a192e261366c702c5fb2ece9f68d26625f198a25c408861c16dc2dea9c"},
    {file = "ruff-0.7.1-py3-none-manylinux_2_17_ppc64.manylinux2014_ppc64.whl", hash = "sha256:699085bf05819588551b11751eff33e9ca58b1b86a6843e1b082a7de40da1565"},
    {file = "ruff-0.7.1-py3-none-manylinux_2_17_ppc64le.manylinux2014_ppc64le.whl", hash = "sha256:344cc2b0814047dc8c3a8ff2cd1f3d808bb23c6658db830d25147339d9bf9ea7"},
    {file = "ruff-0.7.1-py3-none-manylinux_2_17_s390x.manylinux2014_s390x.whl", hash = "sha256:4316bbf69d5a859cc937890c7ac7a6551252b6a01b1d2c97e8fc96e45a7c8b4a"},
    {file = "ruff-0.7.1-py3-none-manylinux_2_17_x86_64.manylinux2014_x86_64.whl", hash = "sha256:79d3af9dca4c56043e738a4d6dd1e9444b6d6c10598ac52d146e331eb155a8ad"},
    {file = "ruff-0.7.1-py3-none-musllinux_1_2_aarch64.whl", hash = "sha256:c5c121b46abde94a505175524e51891f829414e093cd8326d6e741ecfc0a9112"},
    {file = "ruff-0.7.1-py3-none-musllinux_1_2_armv7l.whl", hash = "sha256:8422104078324ea250886954e48f1373a8fe7de59283d747c3a7eca050b4e378"},
    {file = "ruff-0.7.1-py3-none-musllinux_1_2_i686.whl", hash = "sha256:56aad830af8a9db644e80098fe4984a948e2b6fc2e73891538f43bbe478461b8"},
    {file = "ruff-0.7.1-py3-none-musllinux_1_2_x86_64.whl", hash = "sha256:658304f02f68d3a83c998ad8bf91f9b4f53e93e5412b8f2388359d55869727fd"},
    {file = "ruff-0.7.1-py3-none-win32.whl", hash = "sha256:b517a2011333eb7ce2d402652ecaa0ac1a30c114fbbd55c6b8ee466a7f600ee9"},
    {file = "ruff-0.7.1-py3-none-win_amd64.whl", hash = "sha256:f38c41fcde1728736b4eb2b18850f6d1e3eedd9678c914dede554a70d5241307"},
    {file = "ruff-0.7.1-py3-none-win_arm64.whl", hash = "sha256:19aa200ec824c0f36d0c9114c8ec0087082021732979a359d6f3c390a6ff2a37"},
    {file = "ruff-0.7.1.tar.gz", hash = "sha256:9d8a41d4aa2dad1575adb98a82870cf5db5f76b2938cf2206c22c940034a36f4"},
]

[[package]]
name = "tomli"
version = "2.0.2"
requires_python = ">=3.8"
summary = "A lil' TOML parser"
files = [
    {file = "tomli-2.0.2-py3-none-any.whl", hash = "sha256:2ebe24485c53d303f690b0ec092806a085f07af5a5aa1464f3931eec36caaa38"},
    {file = "tomli-2.0.2.tar.gz", hash = "sha256:d46d457a85337051c36524bc5349dd91b1877838e2979ac5ced3e710ed8a60ed"},
]

[[package]]
name = "typing-extensions"
version = "4.12.2"
requires_python = ">=3.8"
summary = "Backported and Experimental Type Hints for Python 3.8+"
files = [
    {file = "typing_extensions-4.12.2-py3-none-any.whl", hash = "sha256:04e5ca0351e0f3f85c6853954072df659d0d13fac324d0072316b67d7794700d"},
    {file = "typing_extensions-4.12.2.tar.gz", hash = "sha256:1a7ead55c7e559dd4dee8856e3a88b41225abfe1ce8df57b7c13915fe121ffb8"},
]

[[package]]
name = "virtualenv"
version = "20.27.0"
requires_python = ">=3.8"
summary = "Virtual Python Environment builder"
dependencies = [
    "distlib<1,>=0.3.7",
    "filelock<4,>=3.12.2",
    "importlib-metadata>=6.6; python_version < \"3.8\"",
    "platformdirs<5,>=3.9.1",
]
files = [
    {file = "virtualenv-20.27.0-py3-none-any.whl", hash = "sha256:44a72c29cceb0ee08f300b314848c86e57bf8d1f13107a5e671fb9274138d655"},
    {file = "virtualenv-20.27.0.tar.gz", hash = "sha256:2ca56a68ed615b8fe4326d11a0dca5dfbe8fd68510fb6c6349163bed3c15f2b2"},
]
