# This file is @generated by PDM.
# It is not intended for manual editing.

[[package]]
name = "atomicwrites"
version = "1.4.1"
requires_python = ">=2.7, !=3.0.*, !=3.1.*, !=3.2.*, !=3.3.*"
summary = "Atomic file writes."

[[package]]
name = "attrs"
version = "23.1.0"
requires_python = ">=3.7"
summary = "Classes Without Boilerplate"

[[package]]
name = "black"
version = "23.3.0"
requires_python = ">=3.7"
summary = "The uncompromising code formatter."
dependencies = [
    "click>=8.0.0",
    "mypy-extensions>=0.4.3",
    "packaging>=22.0",
    "pathspec>=0.9.0",
    "platformdirs>=2",
    "tomli>=1.1.0; python_version < \"3.11\"",
    "typing-extensions>=3.10.0.0; python_version < \"3.10\"",
]

[[package]]
name = "cfgv"
version = "3.3.1"
requires_python = ">=3.6.1"
summary = "Validate configuration and produce human readable error messages."

[[package]]
name = "click"
version = "8.1.3"
requires_python = ">=3.7"
summary = "Composable command line interface toolkit"
dependencies = [
    "colorama; platform_system == \"Windows\"",
]

[[package]]
name = "colorama"
version = "0.4.6"
requires_python = "!=3.0.*,!=3.1.*,!=3.2.*,!=3.3.*,!=3.4.*,!=3.5.*,!=3.6.*,>=2.7"
summary = "Cross-platform colored terminal text."

[[package]]
name = "distlib"
version = "0.3.6"
summary = "Distribution utilities"

[[package]]
name = "filelock"
version = "3.12.0"
requires_python = ">=3.7"
summary = "A platform independent file lock."

[[package]]
name = "identify"
version = "2.5.24"
requires_python = ">=3.7"
summary = "File identification library for Python"

[[package]]
name = "iniconfig"
version = "2.0.0"
requires_python = ">=3.7"
summary = "brain-dead simple config-ini parsing"

[[package]]
name = "mypy-extensions"
version = "1.0.0"
requires_python = ">=3.5"
summary = "Type system extensions for programs checked with the mypy type checker."

[[package]]
name = "nodeenv"
version = "1.7.0"
requires_python = ">=2.7,!=3.0.*,!=3.1.*,!=3.2.*,!=3.3.*,!=3.4.*,!=3.5.*,!=3.6.*"
summary = "Node.js virtual environment builder"
dependencies = [
    "setuptools",
]

[[package]]
name = "packaging"
version = "23.1"
requires_python = ">=3.7"
summary = "Core utilities for Python packages"

[[package]]
name = "pathspec"
version = "0.11.1"
requires_python = ">=3.7"
summary = "Utility library for gitignore style pattern matching of file paths."

[[package]]
name = "platformdirs"
version = "3.5.0"
requires_python = ">=3.7"
summary = "A small Python package for determining appropriate platform-specific dirs, e.g. a \"user data dir\"."

[[package]]
name = "pluggy"
version = "1.0.0"
requires_python = ">=3.6"
summary = "plugin and hook calling mechanisms for python"

[[package]]
name = "pre-commit"
version = "2.21.0"
requires_python = ">=3.7"
summary = "A framework for managing and maintaining multi-language pre-commit hooks."
dependencies = [
    "cfgv>=2.0.0",
    "identify>=1.0.0",
    "nodeenv>=0.11.1",
    "pyyaml>=5.1",
    "virtualenv>=20.10.0",
]

[[package]]
name = "py"
version = "1.11.0"
requires_python = ">=2.7, !=3.0.*, !=3.1.*, !=3.2.*, !=3.3.*, !=3.4.*"
summary = "library with cross-python path, ini-parsing, io, code, log facilities"

[[package]]
name = "pyright"
version = "1.1.306"
requires_python = ">=3.7"
summary = "Command line wrapper for pyright"
dependencies = [
    "nodeenv>=1.6.0",
]

[[package]]
name = "pytest"
version = "7.0.1"
requires_python = ">=3.6"
summary = "pytest: simple powerful testing with Python"
dependencies = [
    "atomicwrites>=1.0; sys_platform == \"win32\"",
    "attrs>=19.2.0",
    "colorama; sys_platform == \"win32\"",
    "iniconfig",
    "packaging",
    "pluggy<2.0,>=0.12",
    "py>=1.8.2",
    "tomli>=1.0.0",
]

[[package]]
name = "pyyaml"
version = "6.0"
requires_python = ">=3.6"
summary = "YAML parser and emitter for Python"

[[package]]
name = "ruff"
version = "0.0.264"
requires_python = ">=3.7"
summary = "An extremely fast Python linter, written in Rust."

[[package]]
name = "setuptools"
version = "67.7.2"
requires_python = ">=3.7"
summary = "Easily download, build, install, upgrade, and uninstall Python packages"

[[package]]
name = "tomli"
version = "2.0.1"
requires_python = ">=3.7"
summary = "A lil' TOML parser"

[[package]]
name = "typing-extensions"
version = "4.5.0"
requires_python = ">=3.7"
summary = "Backported and Experimental Type Hints for Python 3.7+"

[[package]]
name = "virtualenv"
version = "20.23.0"
requires_python = ">=3.7"
summary = "Virtual Python Environment builder"
dependencies = [
    "distlib<1,>=0.3.6",
    "filelock<4,>=3.11",
    "platformdirs<4,>=3.2",
]

[metadata]
lock_version = "4.2"
groups = ["default", "dev"]
content_hash = "sha256:148e3bd0b8d600ad040b57e5c17907da1d0c35c1962213a73bd0bd01246e9550"

[metadata.files]
"atomicwrites 1.4.1" = [
    {url = "https://files.pythonhosted.org/packages/87/c6/53da25344e3e3a9c01095a89f16dbcda021c609ddb42dd6d7c0528236fb2/atomicwrites-1.4.1.tar.gz", hash = "sha256:81b2c9071a49367a7f770170e5eec8cb66567cfbbc8c73d20ce5ca4a8d71cf11"},
]
"attrs 23.1.0" = [
    {url = "https://files.pythonhosted.org/packages/97/90/81f95d5f705be17872843536b1868f351805acf6971251ff07c1b8334dbb/attrs-23.1.0.tar.gz", hash = "sha256:6279836d581513a26f1bf235f9acd333bc9115683f14f7e8fae46c98fc50e015"},
    {url = "https://files.pythonhosted.org/packages/f0/eb/fcb708c7bf5056045e9e98f62b93bd7467eb718b0202e7698eb11d66416c/attrs-23.1.0-py3-none-any.whl", hash = "sha256:1f28b4522cdc2fb4256ac1a020c78acf9cba2c6b461ccd2c126f3aa8e8335d04"},
]
"black 23.3.0" = [
    {url = "https://files.pythonhosted.org/packages/06/1e/273d610249f0335afb1ddb03664a03223f4826e3d1a95170a0142cb19fb4/black-23.3.0-cp39-cp39-win_amd64.whl", hash = "sha256:6b39abdfb402002b8a7d030ccc85cf5afff64ee90fa4c5aebc531e3ad0175ddb"},
    {url = "https://files.pythonhosted.org/packages/12/4b/99c71d1cf1353edd5aff2700b8960f92e9b805c9dab72639b67dbb449d3a/black-23.3.0-cp38-cp38-manylinux_2_17_x86_64.manylinux2014_x86_64.whl", hash = "sha256:562bd3a70495facf56814293149e51aa1be9931567474993c7942ff7d3533961"},
    {url = "https://files.pythonhosted.org/packages/13/0a/ed8b66c299e896780e4528eed4018f5b084da3b9ba4ee48328550567d866/black-23.3.0-cp38-cp38-macosx_10_16_x86_64.whl", hash = "sha256:064101748afa12ad2291c2b91c960be28b817c0c7eaa35bec09cc63aa56493c5"},
    {url = "https://files.pythonhosted.org/packages/13/25/cfa06788d0a936f2445af88f13604b5bcd5c9d050db618c718e6ebe66f74/black-23.3.0-cp39-cp39-macosx_10_16_arm64.whl", hash = "sha256:3238f2aacf827d18d26db07524e44741233ae09a584273aa059066d644ca7b30"},
    {url = "https://files.pythonhosted.org/packages/21/14/d5a2bec5fb15f9118baab7123d344646fac0b1c6939d51c2b05259cd2d9c/black-23.3.0-cp38-cp38-macosx_10_16_universal2.whl", hash = "sha256:714290490c18fb0126baa0fca0a54ee795f7502b44177e1ce7624ba1c00f2331"},
    {url = "https://files.pythonhosted.org/packages/24/eb/2d2d2c27cb64cfd073896f62a952a802cd83cf943a692a2f278525b57ca9/black-23.3.0-cp37-cp37m-macosx_10_16_x86_64.whl", hash = "sha256:1d06691f1eb8de91cd1b322f21e3bfc9efe0c7ca1f0e1eb1db44ea367dff656b"},
    {url = "https://files.pythonhosted.org/packages/27/70/07aab2623cfd3789786f17e051487a41d5657258c7b1ef8f780512ffea9c/black-23.3.0-cp310-cp310-macosx_10_16_universal2.whl", hash = "sha256:67de8d0c209eb5b330cce2469503de11bca4085880d62f1628bd9972cc3366b9"},
    {url = "https://files.pythonhosted.org/packages/29/b1/b584fc863c155653963039664a592b3327b002405043b7e761b9b0212337/black-23.3.0-cp310-cp310-macosx_10_16_x86_64.whl", hash = "sha256:7c3eb7cea23904399866c55826b31c1f55bbcd3890ce22ff70466b907b6775c2"},
    {url = "https://files.pythonhosted.org/packages/3c/d7/85f3d79f9e543402de2244c4d117793f262149e404ea0168841613c33e07/black-23.3.0-cp39-cp39-manylinux_2_17_x86_64.manylinux2014_x86_64.whl", hash = "sha256:3a150542a204124ed00683f0db1f5cf1c2aaaa9cc3495b7a3b5976fb136090ab"},
    {url = "https://files.pythonhosted.org/packages/3f/0d/81dd4194ce7057c199d4f28e4c2a885082d9d929e7a55c514b23784f7787/black-23.3.0-cp311-cp311-win_amd64.whl", hash = "sha256:11c410f71b876f961d1de77b9699ad19f939094c3a677323f43d7a29855fe326"},
    {url = "https://files.pythonhosted.org/packages/49/36/15d2122f90ff1cd70f06892ebda777b650218cf84b56b5916a993dc1359a/black-23.3.0-cp37-cp37m-manylinux_2_17_x86_64.manylinux2014_x86_64.whl", hash = "sha256:50cb33cac881766a5cd9913e10ff75b1e8eb71babf4c7104f2e9c52da1fb7de2"},
    {url = "https://files.pythonhosted.org/packages/49/d7/f3b7da6c772800f5375aeb050a3dcf682f0bbeb41d313c9c2820d0156e4e/black-23.3.0-cp39-cp39-macosx_10_16_x86_64.whl", hash = "sha256:92c543f6854c28a3c7f39f4d9b7694f9a6eb9d3c5e2ece488c327b6e7ea9b266"},
    {url = "https://files.pythonhosted.org/packages/69/49/7e1f0cf585b0d607aad3f971f95982cc4208fc77f92363d632d23021ee57/black-23.3.0-cp311-cp311-macosx_10_16_x86_64.whl", hash = "sha256:a6f6886c9869d4daae2d1715ce34a19bbc4b95006d20ed785ca00fa03cba312d"},
    {url = "https://files.pythonhosted.org/packages/6d/b4/0f13ab7f5e364795ff82b76b0f9a4c9c50afda6f1e2feeb8b03fdd7ec57d/black-23.3.0-cp310-cp310-manylinux_2_17_x86_64.manylinux2014_x86_64.whl", hash = "sha256:32daa9783106c28815d05b724238e30718f34155653d4d6e125dc7daec8e260c"},
    {url = "https://files.pythonhosted.org/packages/ad/e7/4642b7f462381799393fbad894ba4b32db00870a797f0616c197b07129a9/black-23.3.0-py3-none-any.whl", hash = "sha256:ec751418022185b0c1bb7d7736e6933d40bbb14c14a0abcf9123d1b159f98dd4"},
    {url = "https://files.pythonhosted.org/packages/c0/53/42e312c17cfda5c8fc4b6b396a508218807a3fcbb963b318e49d3ddd11d5/black-23.3.0-cp311-cp311-manylinux_2_17_x86_64.manylinux2014_x86_64.whl", hash = "sha256:6f3c333ea1dd6771b2d3777482429864f8e258899f6ff05826c3a4fcc5ce3f70"},
    {url = "https://files.pythonhosted.org/packages/ca/44/eb41edd3f558a6139f09eee052dead4a7a464e563b822ddf236f5a8ee286/black-23.3.0-cp37-cp37m-win_amd64.whl", hash = "sha256:e114420bf26b90d4b9daa597351337762b63039752bdf72bf361364c1aa05925"},
    {url = "https://files.pythonhosted.org/packages/ce/f4/2b0c6ac9e1f8584296747f66dd511898b4ebd51d6510dba118279bff53b6/black-23.3.0-cp38-cp38-macosx_10_16_arm64.whl", hash = "sha256:48f9d345675bb7fbc3dd85821b12487e1b9a75242028adad0333ce36ed2a6d27"},
    {url = "https://files.pythonhosted.org/packages/d1/6e/5810b6992ed70403124c67e8b3f62858a32b35405177553f1a78ed6b6e31/black-23.3.0-cp38-cp38-win_amd64.whl", hash = "sha256:e198cf27888ad6f4ff331ca1c48ffc038848ea9f031a3b40ba36aced7e22f2c8"},
    {url = "https://files.pythonhosted.org/packages/d6/36/66370f5017b100225ec4950a60caeef60201a10080da57ddb24124453fba/black-23.3.0.tar.gz", hash = "sha256:1c7b8d606e728a41ea1ccbd7264677e494e87cf630e399262ced92d4a8dac940"},
    {url = "https://files.pythonhosted.org/packages/d7/6f/d3832960a3b646b333b7f0d80d336a3c123012e9d9d5dba4a622b2b6181d/black-23.3.0-cp311-cp311-macosx_10_16_arm64.whl", hash = "sha256:a8a968125d0a6a404842fa1bf0b349a568634f856aa08ffaff40ae0dfa52e7c6"},
    {url = "https://files.pythonhosted.org/packages/db/f4/7908f71cc71da08df1317a3619f002cbf91927fb5d3ffc7723905a2113f7/black-23.3.0-cp310-cp310-macosx_10_16_arm64.whl", hash = "sha256:0945e13506be58bf7db93ee5853243eb368ace1c08a24c65ce108986eac65915"},
    {url = "https://files.pythonhosted.org/packages/de/b4/76f152c5eb0be5471c22cd18380d31d188930377a1a57969073b89d6615d/black-23.3.0-cp310-cp310-win_amd64.whl", hash = "sha256:35d1381d7a22cc5b2be2f72c7dfdae4072a3336060635718cc7e1ede24221d6c"},
    {url = "https://files.pythonhosted.org/packages/eb/a5/17b40bfd9b607b69fa726b0b3a473d14b093dcd5191ea1a1dd664eccfee3/black-23.3.0-cp311-cp311-macosx_10_16_universal2.whl", hash = "sha256:c7ab5790333c448903c4b721b59c0d80b11fe5e9803d8703e84dcb8da56fec1b"},
    {url = "https://files.pythonhosted.org/packages/fd/5b/fc2d7922c1a6bb49458d424b5be71d251f2d0dc97be9534e35d171bdc653/black-23.3.0-cp39-cp39-macosx_10_16_universal2.whl", hash = "sha256:f0bd2f4a58d6666500542b26354978218a9babcdc972722f4bf90779524515f3"},
]
"cfgv 3.3.1" = [
    {url = "https://files.pythonhosted.org/packages/6d/82/0a0ebd35bae9981dea55c06f8e6aaf44a49171ad798795c72c6f64cba4c2/cfgv-3.3.1-py2.py3-none-any.whl", hash = "sha256:c6a0883f3917a037485059700b9e75da2464e6c27051014ad85ba6aaa5884426"},
    {url = "https://files.pythonhosted.org/packages/c4/bf/d0d622b660d414a47dc7f0d303791a627663f554345b21250e39e7acb48b/cfgv-3.3.1.tar.gz", hash = "sha256:f5a830efb9ce7a445376bb66ec94c638a9787422f96264c98edc6bdeed8ab736"},
]
"click 8.1.3" = [
    {url = "https://files.pythonhosted.org/packages/59/87/84326af34517fca8c58418d148f2403df25303e02736832403587318e9e8/click-8.1.3.tar.gz", hash = "sha256:7682dc8afb30297001674575ea00d1814d808d6a36af415a82bd481d37ba7b8e"},
    {url = "https://files.pythonhosted.org/packages/c2/f1/df59e28c642d583f7dacffb1e0965d0e00b218e0186d7858ac5233dce840/click-8.1.3-py3-none-any.whl", hash = "sha256:bb4d8133cb15a609f44e8213d9b391b0809795062913b383c62be0ee95b1db48"},
]
"colorama 0.4.6" = [
    {url = "https://files.pythonhosted.org/packages/d1/d6/3965ed04c63042e047cb6a3e6ed1a63a35087b6a609aa3a15ed8ac56c221/colorama-0.4.6-py2.py3-none-any.whl", hash = "sha256:4f1d9991f5acc0ca119f9d443620b77f9d6b33703e51011c16baf57afb285fc6"},
    {url = "https://files.pythonhosted.org/packages/d8/53/6f443c9a4a8358a93a6792e2acffb9d9d5cb0a5cfd8802644b7b1c9a02e4/colorama-0.4.6.tar.gz", hash = "sha256:08695f5cb7ed6e0531a20572697297273c47b8cae5a63ffc6d6ed5c201be6e44"},
]
"distlib 0.3.6" = [
    {url = "https://files.pythonhosted.org/packages/58/07/815476ae605bcc5f95c87a62b95e74a1bce0878bc7a3119bc2bf4178f175/distlib-0.3.6.tar.gz", hash = "sha256:14bad2d9b04d3a36127ac97f30b12a19268f211063d8f8ee4f47108896e11b46"},
    {url = "https://files.pythonhosted.org/packages/76/cb/6bbd2b10170ed991cf64e8c8b85e01f2fb38f95d1bc77617569e0b0b26ac/distlib-0.3.6-py2.py3-none-any.whl", hash = "sha256:f35c4b692542ca110de7ef0bea44d73981caeb34ca0b9b6b2e6d7790dda8f80e"},
]
"filelock 3.12.0" = [
    {url = "https://files.pythonhosted.org/packages/24/85/cf4df939cc0a037ebfe18353005e775916faec24dcdbc7a2f6539ad9d943/filelock-3.12.0.tar.gz", hash = "sha256:fc03ae43288c013d2ea83c8597001b1129db351aad9c57fe2409327916b8e718"},
    {url = "https://files.pythonhosted.org/packages/ad/73/b094a662ae05cdc4ec95bc54e434e307986a5de5960166b8161b7c1373ee/filelock-3.12.0-py3-none-any.whl", hash = "sha256:ad98852315c2ab702aeb628412cbf7e95b7ce8c3bf9565670b4eaecf1db370a9"},
]
"identify 2.5.24" = [
    {url = "https://files.pythonhosted.org/packages/4f/fd/2c46fba2bc032ba4c970bb8de59d25187087d7138a0ebf7c1dcc91d94f01/identify-2.5.24-py2.py3-none-any.whl", hash = "sha256:986dbfb38b1140e763e413e6feb44cd731faf72d1909543178aa79b0e258265d"},
    {url = "https://files.pythonhosted.org/packages/c4/f8/498e13e408d25ee6ff04aa0acbf91ad8e9caae74be91720fc0e811e649b7/identify-2.5.24.tar.gz", hash = "sha256:0aac67d5b4812498056d28a9a512a483f5085cc28640b02b258a59dac34301d4"},
]
"iniconfig 2.0.0" = [
    {url = "https://files.pythonhosted.org/packages/d7/4b/cbd8e699e64a6f16ca3a8220661b5f83792b3017d0f79807cb8708d33913/iniconfig-2.0.0.tar.gz", hash = "sha256:2d91e135bf72d31a410b17c16da610a82cb55f6b0477d1a902134b24a455b8b3"},
    {url = "https://files.pythonhosted.org/packages/ef/a6/62565a6e1cf69e10f5727360368e451d4b7f58beeac6173dc9db836a5b46/iniconfig-2.0.0-py3-none-any.whl", hash = "sha256:b6a85871a79d2e3b22d2d1b94ac2824226a63c6b741c88f7ae975f18b6778374"},
]
"mypy-extensions 1.0.0" = [
    {url = "https://files.pythonhosted.org/packages/2a/e2/5d3f6ada4297caebe1a2add3b126fe800c96f56dbe5d1988a2cbe0b267aa/mypy_extensions-1.0.0-py3-none-any.whl", hash = "sha256:4392f6c0eb8a5668a69e23d168ffa70f0be9ccfd32b5cc2d26a34ae5b844552d"},
    {url = "https://files.pythonhosted.org/packages/98/a4/1ab47638b92648243faf97a5aeb6ea83059cc3624972ab6b8d2316078d3f/mypy_extensions-1.0.0.tar.gz", hash = "sha256:75dbf8955dc00442a438fc4d0666508a9a97b6bd41aa2f0ffe9d2f2725af0782"},
]
"nodeenv 1.7.0" = [
    {url = "https://files.pythonhosted.org/packages/96/a8/d3b5baead78adadacb99e7281b3e842126da825cf53df61688cfc8b8ff91/nodeenv-1.7.0-py2.py3-none-any.whl", hash = "sha256:27083a7b96a25f2f5e1d8cb4b6317ee8aeda3bdd121394e5ac54e498028a042e"},
    {url = "https://files.pythonhosted.org/packages/f3/9d/a28ecbd1721cd6c0ea65da6bfb2771d31c5d7e32d916a8f643b062530af3/nodeenv-1.7.0.tar.gz", hash = "sha256:e0e7f7dfb85fc5394c6fe1e8fa98131a2473e04311a45afb6508f7cf1836fa2b"},
]
"packaging 23.1" = [
    {url = "https://files.pythonhosted.org/packages/ab/c3/57f0601a2d4fe15de7a553c00adbc901425661bf048f2a22dfc500caf121/packaging-23.1-py3-none-any.whl", hash = "sha256:994793af429502c4ea2ebf6bf664629d07c1a9fe974af92966e4b8d2df7edc61"},
    {url = "https://files.pythonhosted.org/packages/b9/6c/7c6658d258d7971c5eb0d9b69fa9265879ec9a9158031206d47800ae2213/packaging-23.1.tar.gz", hash = "sha256:a392980d2b6cffa644431898be54b0045151319d1e7ec34f0cfed48767dd334f"},
]
"pathspec 0.11.1" = [
    {url = "https://files.pythonhosted.org/packages/95/60/d93628975242cc515ab2b8f5b2fc831d8be2eff32f5a1be4776d49305d13/pathspec-0.11.1.tar.gz", hash = "sha256:2798de800fa92780e33acca925945e9a19a133b715067cf165b8866c15a31687"},
    {url = "https://files.pythonhosted.org/packages/be/c8/551a803a6ebb174ec1c124e68b449b98a0961f0b737def601e3c1fbb4cfd/pathspec-0.11.1-py3-none-any.whl", hash = "sha256:d8af70af76652554bd134c22b3e8a1cc46ed7d91edcdd721ef1a0c51a84a5293"},
]
"platformdirs 3.5.0" = [
    {url = "https://files.pythonhosted.org/packages/91/17/3836ffe140abb245726d0e21c5b9b984e2569e7027c20d12e969ec69bd8a/platformdirs-3.5.0.tar.gz", hash = "sha256:7954a68d0ba23558d753f73437c55f89027cf8f5108c19844d4b82e5af396335"},
    {url = "https://files.pythonhosted.org/packages/ce/cf/279b73aae00f7ba9d5d7664156ef323ebbf16fb556285bb223ecc45031aa/platformdirs-3.5.0-py3-none-any.whl", hash = "sha256:47692bc24c1958e8b0f13dd727307cff1db103fca36399f457da8e05f222fdc4"},
]
"pluggy 1.0.0" = [
    {url = "https://files.pythonhosted.org/packages/9e/01/f38e2ff29715251cf25532b9082a1589ab7e4f571ced434f98d0139336dc/pluggy-1.0.0-py2.py3-none-any.whl", hash = "sha256:74134bbf457f031a36d68416e1509f34bd5ccc019f0bcc952c7b909d06b37bd3"},
    {url = "https://files.pythonhosted.org/packages/a1/16/db2d7de3474b6e37cbb9c008965ee63835bba517e22cdb8c35b5116b5ce1/pluggy-1.0.0.tar.gz", hash = "sha256:4224373bacce55f955a878bf9cfa763c1e360858e330072059e10bad68531159"},
]
"pre-commit 2.21.0" = [
    {url = "https://files.pythonhosted.org/packages/6b/00/1637ae945c6e10838ef5c41965f1c864e59301811bb203e979f335608e7c/pre_commit-2.21.0.tar.gz", hash = "sha256:31ef31af7e474a8d8995027fefdfcf509b5c913ff31f2015b4ec4beb26a6f658"},
    {url = "https://files.pythonhosted.org/packages/a6/6b/6cfe3a8b351b54f4b6c6d2ad4286804e3367f628dce379c603d3b96635f4/pre_commit-2.21.0-py2.py3-none-any.whl", hash = "sha256:e2f91727039fc39a92f58a588a25b87f936de6567eed4f0e673e0507edc75bad"},
]
"py 1.11.0" = [
    {url = "https://files.pythonhosted.org/packages/98/ff/fec109ceb715d2a6b4c4a85a61af3b40c723a961e8828319fbcb15b868dc/py-1.11.0.tar.gz", hash = "sha256:51c75c4126074b472f746a24399ad32f6053d1b34b68d2fa41e558e6f4a98719"},
    {url = "https://files.pythonhosted.org/packages/f6/f0/10642828a8dfb741e5f3fbaac830550a518a775c7fff6f04a007259b0548/py-1.11.0-py2.py3-none-any.whl", hash = "sha256:607c53218732647dff4acdfcd50cb62615cedf612e72d1724fb1a0cc6405b378"},
]
"pyright 1.1.306" = [
    {url = "https://files.pythonhosted.org/packages/91/0a/8e5bfa6079f8240da3bcb02780583f808e431e3e79627c2748b96919ee11/pyright-1.1.306-py3-none-any.whl", hash = "sha256:008eb2a29584ae274a154d749cf81476a3073fb562a462eac8d43a753378b9db"},
    {url = "https://files.pythonhosted.org/packages/9c/65/e12aee503b6093a22e1e01254a37bf5115bce8f62d67a6bd27fb81196c7f/pyright-1.1.306.tar.gz", hash = "sha256:16d5d198be64de497d5f9002000a271176c381e21b977ca5566cf779b643c9ed"},
]
"pytest 7.0.1" = [
    {url = "https://files.pythonhosted.org/packages/38/93/c7c0bd1e932b287fb948eb9ce5a3d6307c9fc619db1e199f8c8bc5dad95f/pytest-7.0.1-py3-none-any.whl", hash = "sha256:9ce3ff477af913ecf6321fe337b93a2c0dcf2a0a1439c43f5452112c1e4280db"},
    {url = "https://files.pythonhosted.org/packages/3e/2c/a67ad48759051c7abf82ce182a4e6d766de371b183182d2dde03089e8dfb/pytest-7.0.1.tar.gz", hash = "sha256:e30905a0c131d3d94b89624a1cc5afec3e0ba2fbdb151867d8e0ebd49850f171"},
]
"pyyaml 6.0" = [
    {url = "https://files.pythonhosted.org/packages/02/25/6ba9f6bb50a3d4fbe22c1a02554dc670682a07c8701d1716d19ddea2c940/PyYAML-6.0-cp310-cp310-manylinux_2_5_x86_64.manylinux1_x86_64.manylinux_2_12_x86_64.manylinux2010_x86_64.whl", hash = "sha256:f84fbc98b019fef2ee9a1cb3ce93e3187a6df0b2538a651bfb890254ba9f90b5"},
    {url = "https://files.pythonhosted.org/packages/08/f4/ffa743f860f34a5e8c60abaaa686f82c9ac7a2b50e5a1c3b1eb564d59159/PyYAML-6.0-cp39-cp39-win_amd64.whl", hash = "sha256:b3d267842bf12586ba6c734f89d1f5b871df0273157918b0ccefa29deb05c21c"},
    {url = "https://files.pythonhosted.org/packages/0f/93/5f81d1925ce3b531f5ff215376445ec220887cd1c9a8bde23759554dbdfd/PyYAML-6.0-cp310-cp310-win32.whl", hash = "sha256:2cd5df3de48857ed0544b34e2d40e9fac445930039f3cfe4bcc592a1f836d513"},
    {url = "https://files.pythonhosted.org/packages/12/fc/a4d5a7554e0067677823f7265cb3ae22aed8a238560b5133b58cda252dad/PyYAML-6.0-cp39-cp39-manylinux_2_5_x86_64.manylinux1_x86_64.manylinux_2_12_x86_64.manylinux2010_x86_64.whl", hash = "sha256:40527857252b61eacd1d9af500c3337ba8deb8fc298940291486c465c8b46ec0"},
    {url = "https://files.pythonhosted.org/packages/21/67/b42191239c5650c9e419c4a08a7a022bbf1abf55b0391c380a72c3af5462/PyYAML-6.0-cp39-cp39-manylinux_2_17_aarch64.manylinux2014_aarch64.whl", hash = "sha256:d67d839ede4ed1b28a4e8909735fc992a923cdb84e618544973d7dfc71540803"},
    {url = "https://files.pythonhosted.org/packages/2e/b3/13dfd4eeb5e4b2d686b6d1822b40702e991bf3a4194ca5cbcce8d43749db/PyYAML-6.0-cp39-cp39-win32.whl", hash = "sha256:b5b9eccad747aabaaffbc6064800670f0c297e52c12754eb1d976c57e4f74dcb"},
    {url = "https://files.pythonhosted.org/packages/36/2b/61d51a2c4f25ef062ae3f74576b01638bebad5e045f747ff12643df63844/PyYAML-6.0.tar.gz", hash = "sha256:68fb519c14306fec9720a2a5b45bc9f0c8d1b9c72adf45c37baedfcd949c35a2"},
    {url = "https://files.pythonhosted.org/packages/44/e5/4fea13230bcebf24b28c0efd774a2dd65a0937a2d39e94a4503438b078ed/PyYAML-6.0-cp310-cp310-macosx_10_9_x86_64.whl", hash = "sha256:d4db7c7aef085872ef65a8fd7d6d09a14ae91f691dec3e87ee5ee0539d516f53"},
    {url = "https://files.pythonhosted.org/packages/4d/7d/c2ab8da648cd2b937de11fb35649b127adab4851cbeaf5fd9b60a2dab0f7/PyYAML-6.0-cp36-cp36m-win32.whl", hash = "sha256:0283c35a6a9fbf047493e3a0ce8d79ef5030852c51e9d911a27badfde0605293"},
    {url = "https://files.pythonhosted.org/packages/55/e3/507a92589994a5b3c3d7f2a7a066339d6ff61c5c839bae56f7eff03d9c7b/PyYAML-6.0-cp36-cp36m-macosx_10_9_x86_64.whl", hash = "sha256:897b80890765f037df3403d22bab41627ca8811ae55e9a722fd0392850ec4d86"},
    {url = "https://files.pythonhosted.org/packages/56/8f/e8b49ad21d26111493dc2d5cae4d7efbd0e2e065440665f5023515f87f64/PyYAML-6.0-cp311-cp311-manylinux_2_17_x86_64.manylinux2014_x86_64.whl", hash = "sha256:432557aa2c09802be39460360ddffd48156e30721f5e8d917f01d31694216782"},
    {url = "https://files.pythonhosted.org/packages/59/00/30e33fcd2a4562cd40c49c7740881009240c5cbbc0e41ca79ca4bba7c24b/PyYAML-6.0-cp311-cp311-win_amd64.whl", hash = "sha256:01b45c0191e6d66c470b6cf1b9531a771a83c1c4208272ead47a3ae4f2f603bf"},
    {url = "https://files.pythonhosted.org/packages/5e/f4/7b4bb01873be78fc9fde307f38f62e380b7111862c165372cf094ca2b093/PyYAML-6.0-cp310-cp310-manylinux_2_17_aarch64.manylinux2014_aarch64.whl", hash = "sha256:77f396e6ef4c73fdc33a9157446466f1cff553d979bd00ecb64385760c6babdc"},
    {url = "https://files.pythonhosted.org/packages/63/6b/f5dc7942bac17192f4ef00b2d0cdd1ae45eea453d05c1944c0573debe945/PyYAML-6.0-cp38-cp38-manylinux_2_17_s390x.manylinux2014_s390x.whl", hash = "sha256:9fa600030013c4de8165339db93d182b9431076eb98eb40ee068700c9c813e34"},
    {url = "https://files.pythonhosted.org/packages/67/d4/b95266228a25ef5bd70984c08b4efce2c035a4baa5ccafa827b266e3dc36/PyYAML-6.0-cp39-cp39-macosx_11_0_arm64.whl", hash = "sha256:e61ceaab6f49fb8bdfaa0f92c4b57bcfbea54c09277b1b4f7ac376bfb7a7c174"},
    {url = "https://files.pythonhosted.org/packages/68/3f/c027422e49433239267c62323fbc6320d6ac8d7d50cf0cb2a376260dad5f/PyYAML-6.0-cp311-cp311-manylinux_2_17_s390x.manylinux2014_s390x.whl", hash = "sha256:dbad0e9d368bb989f4515da330b88a057617d16b6a8245084f1b05400f24609f"},
    {url = "https://files.pythonhosted.org/packages/6c/3d/524c642f3db37e7e7ab8d13a3f8b0c72d04a619abc19100097d987378fc6/PyYAML-6.0-cp38-cp38-manylinux_2_17_aarch64.manylinux2014_aarch64.whl", hash = "sha256:213c60cd50106436cc818accf5baa1aba61c0189ff610f64f4a3e8c6726218ba"},
    {url = "https://files.pythonhosted.org/packages/74/68/3c13deaa496c14a030c431b7b828d6b343f79eb241b4848c7918091a64a2/PyYAML-6.0-cp36-cp36m-manylinux_2_17_s390x.manylinux2014_s390x.whl", hash = "sha256:48c346915c114f5fdb3ead70312bd042a953a8ce5c7106d5bfb1a5254e47da92"},
    {url = "https://files.pythonhosted.org/packages/77/da/e845437ffe0dffae4e7562faf23a4f264d886431c5d2a2816c853288dc8e/PyYAML-6.0-cp39-cp39-manylinux_2_17_s390x.manylinux2014_s390x.whl", hash = "sha256:cba8c411ef271aa037d7357a2bc8f9ee8b58b9965831d9e51baf703280dc73d3"},
    {url = "https://files.pythonhosted.org/packages/7f/d9/6a0d14ac8d3b5605dc925d177c1d21ee9f0b7b39287799db1e50d197b2f4/PyYAML-6.0-cp311-cp311-manylinux_2_17_aarch64.manylinux2014_aarch64.whl", hash = "sha256:afa17f5bc4d1b10afd4466fd3a44dc0e245382deca5b3c353d8b757f9e3ecb8d"},
    {url = "https://files.pythonhosted.org/packages/81/59/561f7e46916b78f3c4cab8d0c307c81656f11e32c846c0c97fda0019ed76/PyYAML-6.0-cp37-cp37m-manylinux_2_17_s390x.manylinux2014_s390x.whl", hash = "sha256:0ce82d761c532fe4ec3f87fc45688bdd3a4c1dc5e0b4a19814b9009a29baefd4"},
    {url = "https://files.pythonhosted.org/packages/89/26/0bfd7b756b34c68f8fd158b7bc762b6b1705fc1b3cebf4cdbb53fd9ea75b/PyYAML-6.0-cp36-cp36m-win_amd64.whl", hash = "sha256:07751360502caac1c067a8132d150cf3d61339af5691fe9e87803040dbc5db57"},
    {url = "https://files.pythonhosted.org/packages/91/49/d46d7b15cddfa98533e89f3832f391aedf7e31f37b4d4df3a7a7855a7073/PyYAML-6.0-cp310-cp310-macosx_11_0_arm64.whl", hash = "sha256:9df7ed3b3d2e0ecfe09e14741b857df43adb5a3ddadc919a2d94fbdf78fea53c"},
    {url = "https://files.pythonhosted.org/packages/9d/f6/7e91fbb58c9ee528759aea5892e062cccb426720c5830ddcce92eba00ff1/PyYAML-6.0-cp37-cp37m-macosx_10_9_x86_64.whl", hash = "sha256:819b3830a1543db06c4d4b865e70ded25be52a2e0631ccd2f6a47a2822f2fd7c"},
    {url = "https://files.pythonhosted.org/packages/a4/ba/e508fc780e3c94c12753a54fe8f74de535741a10d33b29a576a9bec03500/PyYAML-6.0-cp38-cp38-win32.whl", hash = "sha256:d4eccecf9adf6fbcc6861a38015c2a64f38b9d94838ac1810a9023a0609e1b78"},
    {url = "https://files.pythonhosted.org/packages/a4/e6/4d7a01bc0730c8f958a62d6a4c4f3df23b6139ad68c132b168970d84f192/PyYAML-6.0-cp37-cp37m-win32.whl", hash = "sha256:c5687b8d43cf58545ade1fe3e055f70eac7a5a1a0bf42824308d868289a95737"},
    {url = "https://files.pythonhosted.org/packages/a8/32/1bbe38477fb23f1d83041fefeabf93ef1cd6f0efcf44c221519507315d92/PyYAML-6.0-cp36-cp36m-manylinux_2_17_aarch64.manylinux2014_aarch64.whl", hash = "sha256:50602afada6d6cbfad699b0c7bb50d5ccffa7e46a3d738092afddc1f9758427f"},
    {url = "https://files.pythonhosted.org/packages/a8/5b/c4d674846ea4b07ee239fbf6010bcc427c4e4552ba5655b446e36b9a40a7/PyYAML-6.0-cp38-cp38-win_amd64.whl", hash = "sha256:1e4747bc279b4f613a09eb64bba2ba602d8a6664c6ce6396a4d0cd413a50ce07"},
    {url = "https://files.pythonhosted.org/packages/b3/85/79b9e5b4e8d3c0ac657f4e8617713cca8408f6cdc65d2ee6554217cedff1/PyYAML-6.0-cp36-cp36m-manylinux_2_5_x86_64.manylinux1_x86_64.manylinux_2_12_x86_64.manylinux2010_x86_64.whl", hash = "sha256:98c4d36e99714e55cfbaaee6dd5badbc9a1ec339ebfc3b1f52e293aee6bb71a4"},
    {url = "https://files.pythonhosted.org/packages/b7/09/2f6f4851bbca08642fef087bade095edc3c47f28d1e7bff6b20de5262a77/PyYAML-6.0-cp310-cp310-win_amd64.whl", hash = "sha256:daf496c58a8c52083df09b80c860005194014c3698698d1a57cbcfa182142a3a"},
    {url = "https://files.pythonhosted.org/packages/cb/5f/05dd91f5046e2256e35d885f3b8f0f280148568f08e1bf20421887523e9a/PyYAML-6.0-cp311-cp311-macosx_11_0_arm64.whl", hash = "sha256:81957921f441d50af23654aa6c5e5eaf9b06aba7f0a19c18a538dc7ef291c5a1"},
    {url = "https://files.pythonhosted.org/packages/d1/c0/4fe04181b0210ee2647cfbb89ecd10a36eef89f10d8aca6a192c201bbe58/PyYAML-6.0-cp37-cp37m-win_amd64.whl", hash = "sha256:d15a181d1ecd0d4270dc32edb46f7cb7733c7c508857278d3d378d14d606db2d"},
    {url = "https://files.pythonhosted.org/packages/d7/42/7ad4b6d67a16229496d4f6e74201bdbebcf4bc1e87d5a70c9297d4961bd2/PyYAML-6.0-cp38-cp38-manylinux_2_5_x86_64.manylinux1_x86_64.manylinux_2_12_x86_64.manylinux2010_x86_64.whl", hash = "sha256:277a0ef2981ca40581a47093e9e2d13b3f1fbbeffae064c1d21bfceba2030287"},
    {url = "https://files.pythonhosted.org/packages/db/4e/74bc723f2d22677387ab90cd9139e62874d14211be7172ed8c9f9a7c81a9/PyYAML-6.0-cp38-cp38-macosx_10_9_x86_64.whl", hash = "sha256:0b4624f379dab24d3725ffde76559cff63d9ec94e1736b556dacdfebe5ab6d4b"},
    {url = "https://files.pythonhosted.org/packages/df/75/ee0565bbf65133e5b6ffa154db43544af96ea4c42439e6b58c1e0eb44b4e/PyYAML-6.0-cp37-cp37m-manylinux_2_17_aarch64.manylinux2014_aarch64.whl", hash = "sha256:473f9edb243cb1935ab5a084eb238d842fb8f404ed2193a915d1784b5a6b5fc0"},
    {url = "https://files.pythonhosted.org/packages/eb/5f/6e6fe6904e1a9c67bc2ca5629a69e7a5a0b17f079da838bab98a1e548b25/PyYAML-6.0-cp37-cp37m-manylinux_2_5_x86_64.manylinux1_x86_64.manylinux_2_12_x86_64.manylinux2010_x86_64.whl", hash = "sha256:231710d57adfd809ef5d34183b8ed1eeae3f76459c18fb4a0b373ad56bedcdd9"},
    {url = "https://files.pythonhosted.org/packages/ef/ad/b443cce94539e57e1a745a845f95c100ad7b97593d7e104051e43f730ecd/PyYAML-6.0-cp310-cp310-manylinux_2_17_s390x.manylinux2014_s390x.whl", hash = "sha256:a80a78046a72361de73f8f395f1f1e49f956c6be882eed58505a15f3e430962b"},
    {url = "https://files.pythonhosted.org/packages/f5/6f/b8b4515346af7c33d3b07cd8ca8ea0700ca72e8d7a750b2b87ac0268ca4e/PyYAML-6.0-cp39-cp39-macosx_10_9_x86_64.whl", hash = "sha256:055d937d65826939cb044fc8c9b08889e8c743fdc6a32b33e2390f66013e449b"},
    {url = "https://files.pythonhosted.org/packages/f8/54/799b059314b13e1063473f76e908f44106014d18f54b16c83a16edccd5ec/PyYAML-6.0-cp311-cp311-macosx_10_9_x86_64.whl", hash = "sha256:d4b0ba9512519522b118090257be113b9468d804b19d63c71dbcf4a48fa32358"},
    {url = "https://files.pythonhosted.org/packages/fc/48/531ecd926fe0a374346dd811bf1eda59a95583595bb80eadad511f3269b8/PyYAML-6.0-cp311-cp311-win32.whl", hash = "sha256:bfaef573a63ba8923503d27530362590ff4f576c626d86a9fed95822a8255fd7"},
]
"ruff 0.0.264" = [
    {url = "https://files.pythonhosted.org/packages/1e/0e/375fde351cb0531470ad6b437cb1bbb6ce83cb0f6e01d0fd68680e3cfeff/ruff-0.0.264-py3-none-win32.whl", hash = "sha256:5a8658ebcc37d62f72840cbdf564171c1a2b6831db482b4d917962541a2f4a44"},
    {url = "https://files.pythonhosted.org/packages/23/dc/51ee0cd6d2c3c8e0ddc6531c7a8909c5df5f5f21d091854e9ff4293a7466/ruff-0.0.264-py3-none-manylinux_2_17_ppc64.manylinux2014_ppc64.whl", hash = "sha256:d628de91e2be7a83128526636097d2dd890669a06143f826f6c591d79aeefbc4"},
    {url = "https://files.pythonhosted.org/packages/31/84/b47957fa69018359dfbc350e28404a78f20a6cf213b580eff737784e3389/ruff-0.0.264-py3-none-musllinux_1_2_aarch64.whl", hash = "sha256:cd4f60ffc3eb15802c554a9c8581bf2117c4d3d06fbc57e0ba58f04cb1aaa47f"},
    {url = "https://files.pythonhosted.org/packages/37/6f/4aeda64a401beecf560381961efd8a01d6d53d1e095b084b77f31e410dca/ruff-0.0.264-py3-none-manylinux_2_17_ppc64le.manylinux2014_ppc64le.whl", hash = "sha256:91c6eb4f979b661a2dd850d9ac803842bb7b66d4926de84f09c787af82590f73"},
    {url = "https://files.pythonhosted.org/packages/37/f1/c4023c9dc501d7e49fe939fd86a287c02cf044be6f6cece359218c2ea025/ruff-0.0.264-py3-none-manylinux_2_17_x86_64.manylinux2014_x86_64.whl", hash = "sha256:71fd865ebacc1083259b3fb7e3eb45235a86e62e21830b8a6b067be0ec54aa2e"},
    {url = "https://files.pythonhosted.org/packages/57/eb/ec0dd02cfd07b7f725d5ba18edcbe1f1228b89d650eb72f50049c75f1df2/ruff-0.0.264-py3-none-manylinux_2_17_s390x.manylinux2014_s390x.whl", hash = "sha256:04ec5d75e4bca754cedd20d53e2ba4920d6259e7579abfb2e8e30c3c80e41b17"},
    {url = "https://files.pythonhosted.org/packages/64/a9/0ab814985bc90c19e7ac8ba53406c8f2f535739fff3a749e83a0573420ae/ruff-0.0.264-py3-none-musllinux_1_2_i686.whl", hash = "sha256:484e395d1984ab9e1e66bd42e7a5192decfee86998d07d36ee50b2fadccc8734"},
    {url = "https://files.pythonhosted.org/packages/68/1d/f6fbf3b023b0c86c372ebe31907e18a3fc22ee3f6e00ea534e530aa48466/ruff-0.0.264-py3-none-manylinux_2_17_aarch64.manylinux2014_aarch64.whl", hash = "sha256:4564e0f245eb515c6ed63988c21e9c40bcfd485cd1ec63bdd790f9a81d301f15"},
    {url = "https://files.pythonhosted.org/packages/6a/18/9809f9c1008a9f0cf1cbfc400b46649f1631eebe4dc6f9421f7178c361f8/ruff-0.0.264-py3-none-win_arm64.whl", hash = "sha256:3e2c38449548e122f2612843a7c04e22b4fd491656955c57b8cb05df11639ad6"},
    {url = "https://files.pythonhosted.org/packages/78/40/6a33d40d0bd48adce97775ed68b06922c95dba8076bb6db7ab320f6b9002/ruff-0.0.264-py3-none-manylinux_2_17_armv7l.manylinux2014_armv7l.whl", hash = "sha256:323ae6c1702b26c96d0fbf939c5959c37e79021f86b70f63634df918bc77f36e"},
    {url = "https://files.pythonhosted.org/packages/8a/e0/3cc67b6f9b9f20c04f1237a6192b19343309d3c2605930ea2472eb2f81fe/ruff-0.0.264-py3-none-manylinux_2_17_i686.manylinux2014_i686.whl", hash = "sha256:18a29ed37bf8cfe6dce8a2db56c313a64c0804095108753621f3c3321e0c9c5f"},
    {url = "https://files.pythonhosted.org/packages/a3/82/2cb89c8afffb03201cbdd19529ed5b3338705d5c6fb2b76830d3d1955f17/ruff-0.0.264-py3-none-macosx_10_9_x86_64.macosx_11_0_arm64.macosx_10_9_universal2.whl", hash = "sha256:d97ba8db0fb601ffe9ee996ebb97c698e427a2fd4514fefbe7b803111354f783"},
    {url = "https://files.pythonhosted.org/packages/b2/95/bb0befe3eb5fc7ae4bfde2f4162323bf55136a106fd0685378c35a89e1bb/ruff-0.0.264-py3-none-musllinux_1_2_x86_64.whl", hash = "sha256:67326fdc9ac0a1b13e229c6e24e8d115863c52cd710faaaaa588851535281d6c"},
    {url = "https://files.pythonhosted.org/packages/be/b3/bcf54b0ddf6e0e75ebe7fbe3bb1c7786647f1aac3ed60e128863129b3b4a/ruff-0.0.264-py3-none-macosx_10_7_x86_64.whl", hash = "sha256:ec2fa192c035b8b68cc2b91049c561cd69543e2b8c4d157d9aa7727320bedcca"},
    {url = "https://files.pythonhosted.org/packages/c2/a9/7c1b194946f1460ffbf26d9d25649c6ec4119982552936b3ce4425b7cae7/ruff-0.0.264-py3-none-win_amd64.whl", hash = "sha256:068a82a29d80848a56e3d9d4308e6e0ca8b2ecdaf5ac342a292545a59b7f2c21"},
    {url = "https://files.pythonhosted.org/packages/c6/06/3ed1d46e1e2a71d5b88b0087a994642730e5c1396425dd31d017463e0614/ruff-0.0.264.tar.gz", hash = "sha256:8fcd4b693ca1374eb7a5796581c90689f884f98f388740d94f0702fd30f8f78f"},
    {url = "https://files.pythonhosted.org/packages/fb/60/2f4f5170c58d70e4600d71c91e76b83a25ec31dfd2eb939e0805c1bbe6d2/ruff-0.0.264-py3-none-musllinux_1_2_armv7l.whl", hash = "sha256:05ee163a046fc593d150179d23f4af447fb82f3e59cd34e031ea0868c65bb8e8"},
]
"setuptools 67.7.2" = [
    {url = "https://files.pythonhosted.org/packages/2f/8c/f336a966d4097c7cef6fc699b2ecb83b5fb63fd698198c1b5c7905a74f0f/setuptools-67.7.2-py3-none-any.whl", hash = "sha256:23aaf86b85ca52ceb801d32703f12d77517b2556af839621c641fca11287952b"},
    {url = "https://files.pythonhosted.org/packages/fd/53/e5d7ae40d03e4ed20b7cba317cf9c0c97097c8debb39f9d72d182a6578a2/setuptools-67.7.2.tar.gz", hash = "sha256:f104fa03692a2602fa0fec6c6a9e63b6c8a968de13e17c026957dd1f53d80990"},
]
"tomli 2.0.1" = [
    {url = "https://files.pythonhosted.org/packages/97/75/10a9ebee3fd790d20926a90a2547f0bf78f371b2f13aa822c759680ca7b9/tomli-2.0.1-py3-none-any.whl", hash = "sha256:939de3e7a6161af0c887ef91b7d41a53e7c5a1ca976325f429cb46ea9bc30ecc"},
    {url = "https://files.pythonhosted.org/packages/c0/3f/d7af728f075fb08564c5949a9c95e44352e23dee646869fa104a3b2060a3/tomli-2.0.1.tar.gz", hash = "sha256:de526c12914f0c550d15924c62d72abc48d6fe7364aa87328337a31007fe8a4f"},
]
"typing-extensions 4.5.0" = [
    {url = "https://files.pythonhosted.org/packages/31/25/5abcd82372d3d4a3932e1fa8c3dbf9efac10cc7c0d16e78467460571b404/typing_extensions-4.5.0-py3-none-any.whl", hash = "sha256:fb33085c39dd998ac16d1431ebc293a8b3eedd00fd4a32de0ff79002c19511b4"},
    {url = "https://files.pythonhosted.org/packages/d3/20/06270dac7316220643c32ae61694e451c98f8caf4c8eab3aa80a2bedf0df/typing_extensions-4.5.0.tar.gz", hash = "sha256:5cb5f4a79139d699607b3ef622a1dedafa84e115ab0024e0d9c044a9479ca7cb"},
]
"virtualenv 20.23.0" = [
    {url = "https://files.pythonhosted.org/packages/d6/37/3ff25b2ad0d51cfd752dc68ee0ad4387f058a5ceba4d89b47ac478de3f59/virtualenv-20.23.0.tar.gz", hash = "sha256:a85caa554ced0c0afbd0d638e7e2d7b5f92d23478d05d17a76daeac8f279f924"},
    {url = "https://files.pythonhosted.org/packages/f1/0a/18755fa6aec794fd539b050beeaa905fa5c77c64356aa8bdecb62c01581a/virtualenv-20.23.0-py3-none-any.whl", hash = "sha256:6abec7670e5802a528357fdc75b26b9f57d5d92f29c5462ba0fbe45feacc685e"},
]
